{
  "nodes": {
    "nixpkgs": {
      "locked": {
        "lastModified": 1661428336,
        "narHash": "sha256-j4J0uTsgF8iTm7e/kw9CgTac2IGiPkFxIbODh4ak7+w=",
        "owner": "nixos",
        "repo": "nixpkgs",
        "rev": "cbf9a129d273d203a98c2fefe8bda52af42ab5e3",
        "type": "github"
      },
      "original": {
        "owner": "nixos",
        "ref": "master",
        "repo": "nixpkgs",
        "type": "github"
      }
    },
    "root": {
      "inputs": {
        "nixpkgs": "nixpkgs",
        "yz-flake-utils": "yz-flake-utils"
      }
    },
    "yz-flake-utils": {
      "locked": {
        "lastModified": 1660779307,
        "narHash": "sha256-WiuDu1qAj7I1GY7FlNK5cMaCa94CKgdv0cumUXCavww=",
        "owner": "YZITE",
        "repo": "flake-utils",
        "rev": "8fecd51bdf7138bfb6b7ac3340d0f65e2680556f",
        "type": "github"
      },
      "original": {
        "owner": "YZITE",
        "repo": "flake-utils",
        "type": "github"
      }
    }
  },
  "root": "root",
  "version": 7
}
