{
  "nodes": {
    "nixpkgs": {
      "locked": {
        "lastModified": 1660765197,
        "narHash": "sha256-maMdnudT2U7FpvjSIo8WB68EgT1Bn3XCqykiBBUjS1M=",
        "owner": "nixos",
        "repo": "nixpkgs",
        "rev": "3643cde3731e5a4764f61d3a113e25fedb7d0dc2",
        "type": "github"
      },
      "original": {
        "owner": "nixos",
        "ref": "master",
        "repo": "nixpkgs",
        "type": "github"
      }
    },
    "root": {
      "inputs": {
        "nixpkgs": "nixpkgs",
        "yz-flake-utils": "yz-flake-utils"
      }
    },
    "yz-flake-utils": {
      "locked": {
        "lastModified": 1623915702,
        "narHash": "sha256-BJA+aBQZJBeQ5t0TaoLSCL5ZG0AzH5lIgokGCb64nrk=",
        "owner": "YZITE",
        "repo": "flake-utils",
        "rev": "b26662a1f52046434d58daf133e814cf372fc9a4",
        "type": "github"
      },
      "original": {
        "owner": "YZITE",
        "repo": "flake-utils",
        "type": "github"
      }
    }
  },
  "root": "root",
  "version": 7
}
